{
  "requires": true,
  "lockfileVersion": 1,
  "dependencies": {
    "sdp": {
      "version": "3.0.3",
      "resolved": "https://registry.npmjs.org/sdp/-/sdp-3.0.3.tgz",
      "integrity": "sha512-8EkfckS+XZQaPLyChu4ey7PghrdcraCVNpJe2Gfdi2ON1ylQ7OasuKX+b37R9slnRChwIAiQgt+oj8xXGD8x+A=="
    },
    "webrtc-adapter": {
      "version": "8.1.0",
      "resolved": "https://registry.npmjs.org/webrtc-adapter/-/webrtc-adapter-8.1.0.tgz",
      "integrity": "sha512-I+y/LWBiGYPVhIb8Ww7nyoNWhrCYENeGoRvZuyytLn/h+ahDBgItvuIfMdzT+xhOnjLIMVkOykttGJPv1dr6kA==",
      "requires": {
        "sdp": "^3.0.2"
      }
    }
  }
}
